
Microsoft Visual Studio Solution File, Format Version 12.00
# Visual Studio Version 16
VisualStudioVersion = 16.0.31702.278
MinimumVisualStudioVersion = 10.0.40219.1
Project("{FAE04EC0-301F-11D3-BF4B-00C04F79EFBC}") = "Buoi4", "Buoi4\Buoi4.csproj", "{973CB2C4-9700-4576-BF68-4415E7390053}"
EndProject
Global
	GlobalSection(SolutionConfigurationPlatforms) = preSolution
		Debug|Any CPU = Debug|Any CPU
		Release|Any CPU = Release|Any CPU
	EndGlobalSection
	GlobalSection(ProjectConfigurationPlatforms) = postSolution
		{973CB2C4-9700-4576-BF68-4415E7390053}.Debug|Any CPU.ActiveCfg = Debug|Any CPU
		{973CB2C4-9700-4576-BF68-4415E7390053}.Debug|Any CPU.Build.0 = Debug|Any CPU
		{973CB2C4-9700-4576-BF68-4415E7390053}.Release|Any CPU.ActiveCfg = Release|Any CPU
		{973CB2C4-9700-4576-BF68-4415E7390053}.Release|Any CPU.Build.0 = Release|Any CPU
	EndGlobalSection
	GlobalSection(SolutionProperties) = preSolution
		HideSolutionNode = FALSE
	EndGlobalSection
	GlobalSection(ExtensibilityGlobals) = postSolution
		SolutionGuid = {1C9BEE3A-0364-48E1-82EE-842D0C130546}
	EndGlobalSection
EndGlobal
