
Microsoft Visual Studio Solution File, Format Version 12.00
# Visual Studio Version 16
VisualStudioVersion = 16.0.31702.278
MinimumVisualStudioVersion = 10.0.40219.1
Project("{FAE04EC0-301F-11D3-BF4B-00C04F79EFBC}") = "VyVanHung_2019601093_proj62", "VyVanHung_2019601093_proj62\VyVanHung_2019601093_proj62.csproj", "{423CEE89-D700-4B1C-8E97-2156EF4BC944}"
EndProject
Global
	GlobalSection(SolutionConfigurationPlatforms) = preSolution
		Debug|Any CPU = Debug|Any CPU
		Release|Any CPU = Release|Any CPU
	EndGlobalSection
	GlobalSection(ProjectConfigurationPlatforms) = postSolution
		{423CEE89-D700-4B1C-8E97-2156EF4BC944}.Debug|Any CPU.ActiveCfg = Debug|Any CPU
		{423CEE89-D700-4B1C-8E97-2156EF4BC944}.Debug|Any CPU.Build.0 = Debug|Any CPU
		{423CEE89-D700-4B1C-8E97-2156EF4BC944}.Release|Any CPU.ActiveCfg = Release|Any CPU
		{423CEE89-D700-4B1C-8E97-2156EF4BC944}.Release|Any CPU.Build.0 = Release|Any CPU
	EndGlobalSection
	GlobalSection(SolutionProperties) = preSolution
		HideSolutionNode = FALSE
	EndGlobalSection
	GlobalSection(ExtensibilityGlobals) = postSolution
		SolutionGuid = {9C4C1372-B0B3-4335-937E-A64901599622}
	EndGlobalSection
EndGlobal
